PODS:
  - Charts (4.1.0):
    - Charts/Core (= 4.1.0)
  - Charts/Core (4.1.0):
    - SwiftAlgorithms (~> 1.0)
  - FSCalendar (2.8.4)
  - Realm (10.33.0):
    - Realm/Headers (= 10.33.0)
  - Realm/Headers (10.33.0)
  - RealmSwift (10.33.0):
    - Realm (= 10.33.0)
  - RxCocoa (6.5.0):
    - RxRelay (= 6.5.0)
    - RxSwift (= 6.5.0)
  - RxRelay (6.5.0):
    - RxSwift (= 6.5.0)
  - RxSwift (6.5.0)
  - SwiftAlgorithms (1.0.0)

DEPENDENCIES:
  - Charts
  - FSCalendar
  - RealmSwift
  - RxCocoa
  - RxSwift

SPEC REPOS:
  trunk:
    - Charts
    - FSCalendar
    - Realm
    - RealmSwift
    - RxCocoa
    - RxRelay
    - RxSwift
    - SwiftAlgorithms

SPEC CHECKSUMS:
  Charts: 354f86803d11d9c35de280587fef50d1af063978
  FSCalendar: 2d1d0d9398f12d439f55c1fe0f01525b151b8260
  Realm: d4f810e161fa2c2c589b9860b6eb09238deacd73
  RealmSwift: cef9946f09f2333a8f2ac8bac4f8de52fb9f5ac3
  RxCocoa: 94f817b71c07517321eb4f9ad299112ca8af743b
  RxRelay: 1de1523e604c72b6c68feadedd1af3b1b4d0ecbd
  RxSwift: 5710a9e6b17f3c3d6e40d6e559b9fa1e813b2ef8
  SwiftAlgorithms: 38dda4731d19027fdeee1125f973111bf3386b53

PODFILE CHECKSUM: 0b5352b0dc320699831c1463060ffda7b5223ad3

COCOAPODS: 1.11.2
