// !$*UTF8*$!
{
	archiveVersion = 1;
	classes = {
	};
	objectVersion = 56;
	objects = {

/* Begin PBXBuildFile section */
		18A4A733294E1CD000464CB7 /* AppDelegate.swift in Sources */ = {isa = PBXBuildFile; fileRef = 18A4A732294E1CD000464CB7 /* AppDelegate.swift */; };
		18A4A735294E1CD000464CB7 /* SceneDelegate.swift in Sources */ = {isa = PBXBuildFile; fileRef = 18A4A734294E1CD000464CB7 /* SceneDelegate.swift */; };
		18A4A73A294E1CD000464CB7 /* Main.storyboard in Resources */ = {isa = PBXBuildFile; fileRef = 18A4A738294E1CD000464CB7 /* Main.storyboard */; };
		18A4A73C294E1D0A00464CB7 /* Assets.xcassets in Resources */ = {isa = PBXBuildFile; fileRef = 18A4A73B294E1D0A00464CB7 /* Assets.xcassets */; };
		18A4A73F294E1D0A00464CB7 /* LaunchScreen.storyboard in Resources */ = {isa = PBXBuildFile; fileRef = 18A4A73D294E1D0A00464CB7 /* LaunchScreen.storyboard */; };
		18A4A74A294E1D0D00464CB7 /* recordDietTests.swift in Sources */ = {isa = PBXBuildFile; fileRef = 18A4A749294E1D0D00464CB7 /* recordDietTests.swift */; };
		18A4A754294E1D0D00464CB7 /* recordDietUITests.swift in Sources */ = {isa = PBXBuildFile; fileRef = 18A4A753294E1D0D00464CB7 /* recordDietUITests.swift */; };
		18A4A756294E1D0D00464CB7 /* recordDietUITestsLaunchTests.swift in Sources */ = {isa = PBXBuildFile; fileRef = 18A4A755294E1D0D00464CB7 /* recordDietUITestsLaunchTests.swift */; };
		18A4A7662956B46F00464CB7 /* CalendarViewController.swift in Sources */ = {isa = PBXBuildFile; fileRef = 18A4A7652956B46F00464CB7 /* CalendarViewController.swift */; };
		3B7E1DA5298AB276000B1902 /* GraphView.xib in Resources */ = {isa = PBXBuildFile; fileRef = 3B7E1DA4298AB276000B1902 /* GraphView.xib */; };
		3B7E1DA7298ABAA5000B1902 /* GraphView.swift in Sources */ = {isa = PBXBuildFile; fileRef = 3B7E1DA6298ABAA5000B1902 /* GraphView.swift */; };
		3B7E1DA9298AEE6F000B1902 /* WeightGraphViewController.swift in Sources */ = {isa = PBXBuildFile; fileRef = 3B7E1DA8298AEE6F000B1902 /* WeightGraphViewController.swift */; };
		3B7E1DAC298E8DB9000B1902 /* WeightModel.swift in Sources */ = {isa = PBXBuildFile; fileRef = 3B7E1DAB298E8DB8000B1902 /* WeightModel.swift */; };
		3B7E1DAD298EEE98000B1902 /* Pods_recordDiet.framework in Frameworks */ = {isa = PBXBuildFile; fileRef = 98A62F7DAA8229406713BF50 /* Pods_recordDiet.framework */; };
		3B7E1DAE298EEE98000B1902 /* Pods_recordDiet.framework in Embed Frameworks */ = {isa = PBXBuildFile; fileRef = 98A62F7DAA8229406713BF50 /* Pods_recordDiet.framework */; settings = {ATTRIBUTES = (CodeSignOnCopy, RemoveHeadersOnCopy, ); }; };
		3BBFF679295B7DF70042187B /* Extensions.swift in Sources */ = {isa = PBXBuildFile; fileRef = 3BBFF678295B7DF70042187B /* Extensions.swift */; };
		3BBFF67B295BFD4B0042187B /* WeightInputViewController.swift in Sources */ = {isa = PBXBuildFile; fileRef = 3BBFF67A295BFD4B0042187B /* WeightInputViewController.swift */; };
		3BBFF67F295DF3D80042187B /* Weight.swift in Sources */ = {isa = PBXBuildFile; fileRef = 3BBFF67E295DF3D80042187B /* Weight.swift */; };
		3BBFF6832960A3EC0042187B /* WeightViewModel.swift in Sources */ = {isa = PBXBuildFile; fileRef = 3BBFF6822960A3EC0042187B /* WeightViewModel.swift */; };
		3BBFF6852963374E0042187B /* messageAlert.swift in Sources */ = {isa = PBXBuildFile; fileRef = 3BBFF6842963374E0042187B /* messageAlert.swift */; };
		3BBFF6872975B0610042187B /* AppDate.swift in Sources */ = {isa = PBXBuildFile; fileRef = 3BBFF6862975B0610042187B /* AppDate.swift */; };
		3BBFF6882976EF0B0042187B /* TopViewController.swift in Sources */ = {isa = PBXBuildFile; fileRef = 18A4A736294E1CD000464CB7 /* TopViewController.swift */; };
		7C20C23292A354A640E0ECF1 /* Pods_recordDiet_recordDietUITests.framework in Frameworks */ = {isa = PBXBuildFile; fileRef = C983D865258809112152129B /* Pods_recordDiet_recordDietUITests.framework */; };
		88B4A33280F00EA40DC54F8C /* Pods_recordDietTests.framework in Frameworks */ = {isa = PBXBuildFile; fileRef = A73788522972EDCAEFC74443 /* Pods_recordDietTests.framework */; };
/* End PBXBuildFile section */

/* Begin PBXContainerItemProxy section */
		18A4A746294E1D0D00464CB7 /* PBXContainerItemProxy */ = {
			isa = PBXContainerItemProxy;
			containerPortal = 18A4A727294E1CD000464CB7 /* Project object */;
			proxyType = 1;
			remoteGlobalIDString = 18A4A72E294E1CD000464CB7;
			remoteInfo = recordDiet;
		};
		18A4A750294E1D0D00464CB7 /* PBXContainerItemProxy */ = {
			isa = PBXContainerItemProxy;
			containerPortal = 18A4A727294E1CD000464CB7 /* Project object */;
			proxyType = 1;
			remoteGlobalIDString = 18A4A72E294E1CD000464CB7;
			remoteInfo = recordDiet;
		};
/* End PBXContainerItemProxy section */

/* Begin PBXCopyFilesBuildPhase section */
		3B7E1DAF298EEE98000B1902 /* Embed Frameworks */ = {
			isa = PBXCopyFilesBuildPhase;
			buildActionMask = 2147483647;
			dstPath = "";
			dstSubfolderSpec = 10;
			files = (
				3B7E1DAE298EEE98000B1902 /* Pods_recordDiet.framework in Embed Frameworks */,
			);
			name = "Embed Frameworks";
			runOnlyForDeploymentPostprocessing = 0;
		};
/* End PBXCopyFilesBuildPhase section */

/* Begin PBXFileReference section */
		18A4A72F294E1CD000464CB7 /* recordDiet.app */ = {isa = PBXFileReference; explicitFileType = wrapper.application; includeInIndex = 0; path = recordDiet.app; sourceTree = BUILT_PRODUCTS_DIR; };
		18A4A732294E1CD000464CB7 /* AppDelegate.swift */ = {isa = PBXFileReference; lastKnownFileType = sourcecode.swift; path = AppDelegate.swift; sourceTree = "<group>"; };
		18A4A734294E1CD000464CB7 /* SceneDelegate.swift */ = {isa = PBXFileReference; lastKnownFileType = sourcecode.swift; path = SceneDelegate.swift; sourceTree = "<group>"; };
		18A4A736294E1CD000464CB7 /* TopViewController.swift */ = {isa = PBXFileReference; lastKnownFileType = sourcecode.swift; path = TopViewController.swift; sourceTree = "<group>"; };
		18A4A739294E1CD000464CB7 /* Base */ = {isa = PBXFileReference; lastKnownFileType = file.storyboard; name = Base; path = Base.lproj/Main.storyboard; sourceTree = "<group>"; };
		18A4A73B294E1D0A00464CB7 /* Assets.xcassets */ = {isa = PBXFileReference; lastKnownFileType = folder.assetcatalog; path = Assets.xcassets; sourceTree = "<group>"; };
		18A4A73E294E1D0A00464CB7 /* Base */ = {isa = PBXFileReference; lastKnownFileType = file.storyboard; name = Base; path = Base.lproj/LaunchScreen.storyboard; sourceTree = "<group>"; };
		18A4A740294E1D0A00464CB7 /* Info.plist */ = {isa = PBXFileReference; lastKnownFileType = text.plist.xml; path = Info.plist; sourceTree = "<group>"; };
		18A4A745294E1D0D00464CB7 /* recordDietTests.xctest */ = {isa = PBXFileReference; explicitFileType = wrapper.cfbundle; includeInIndex = 0; path = recordDietTests.xctest; sourceTree = BUILT_PRODUCTS_DIR; };
		18A4A749294E1D0D00464CB7 /* recordDietTests.swift */ = {isa = PBXFileReference; lastKnownFileType = sourcecode.swift; path = recordDietTests.swift; sourceTree = "<group>"; };
		18A4A74F294E1D0D00464CB7 /* recordDietUITests.xctest */ = {isa = PBXFileReference; explicitFileType = wrapper.cfbundle; includeInIndex = 0; path = recordDietUITests.xctest; sourceTree = BUILT_PRODUCTS_DIR; };
		18A4A753294E1D0D00464CB7 /* recordDietUITests.swift */ = {isa = PBXFileReference; lastKnownFileType = sourcecode.swift; path = recordDietUITests.swift; sourceTree = "<group>"; };
		18A4A755294E1D0D00464CB7 /* recordDietUITestsLaunchTests.swift */ = {isa = PBXFileReference; lastKnownFileType = sourcecode.swift; path = recordDietUITestsLaunchTests.swift; sourceTree = "<group>"; };
		18A4A7652956B46F00464CB7 /* CalendarViewController.swift */ = {isa = PBXFileReference; lastKnownFileType = sourcecode.swift; path = CalendarViewController.swift; sourceTree = "<group>"; };
		2CB690B4265A5467DC025CF8 /* Pods-recordDiet-recordDietUITests.debug.xcconfig */ = {isa = PBXFileReference; includeInIndex = 1; lastKnownFileType = text.xcconfig; name = "Pods-recordDiet-recordDietUITests.debug.xcconfig"; path = "Target Support Files/Pods-recordDiet-recordDietUITests/Pods-recordDiet-recordDietUITests.debug.xcconfig"; sourceTree = "<group>"; };
		3B7E1DA4298AB276000B1902 /* GraphView.xib */ = {isa = PBXFileReference; lastKnownFileType = file.xib; path = GraphView.xib; sourceTree = "<group>"; };
		3B7E1DA6298ABAA5000B1902 /* GraphView.swift */ = {isa = PBXFileReference; lastKnownFileType = sourcecode.swift; path = GraphView.swift; sourceTree = "<group>"; };
		3B7E1DA8298AEE6F000B1902 /* WeightGraphViewController.swift */ = {isa = PBXFileReference; lastKnownFileType = sourcecode.swift; path = WeightGraphViewController.swift; sourceTree = "<group>"; };
		3B7E1DAB298E8DB8000B1902 /* WeightModel.swift */ = {isa = PBXFileReference; lastKnownFileType = sourcecode.swift; path = WeightModel.swift; sourceTree = "<group>"; };
		3BBFF678295B7DF70042187B /* Extensions.swift */ = {isa = PBXFileReference; fileEncoding = 4; lastKnownFileType = sourcecode.swift; path = Extensions.swift; sourceTree = "<group>"; };
		3BBFF67A295BFD4B0042187B /* WeightInputViewController.swift */ = {isa = PBXFileReference; lastKnownFileType = sourcecode.swift; path = WeightInputViewController.swift; sourceTree = "<group>"; };
		3BBFF67E295DF3D80042187B /* Weight.swift */ = {isa = PBXFileReference; lastKnownFileType = sourcecode.swift; path = Weight.swift; sourceTree = "<group>"; };
		3BBFF6822960A3EC0042187B /* WeightViewModel.swift */ = {isa = PBXFileReference; lastKnownFileType = sourcecode.swift; path = WeightViewModel.swift; sourceTree = "<group>"; };
		3BBFF6842963374E0042187B /* messageAlert.swift */ = {isa = PBXFileReference; lastKnownFileType = sourcecode.swift; path = messageAlert.swift; sourceTree = "<group>"; };
		3BBFF6862975B0610042187B /* AppDate.swift */ = {isa = PBXFileReference; lastKnownFileType = sourcecode.swift; path = AppDate.swift; sourceTree = "<group>"; };
		40884FE3CBDFD2A8FF18DBF1 /* Pods-recordDiet-recordDietUITests.release.xcconfig */ = {isa = PBXFileReference; includeInIndex = 1; lastKnownFileType = text.xcconfig; name = "Pods-recordDiet-recordDietUITests.release.xcconfig"; path = "Target Support Files/Pods-recordDiet-recordDietUITests/Pods-recordDiet-recordDietUITests.release.xcconfig"; sourceTree = "<group>"; };
		4400E67D0ACFE1F73A232571 /* Pods-recordDietTests.debug.xcconfig */ = {isa = PBXFileReference; includeInIndex = 1; lastKnownFileType = text.xcconfig; name = "Pods-recordDietTests.debug.xcconfig"; path = "Target Support Files/Pods-recordDietTests/Pods-recordDietTests.debug.xcconfig"; sourceTree = "<group>"; };
		98A62F7DAA8229406713BF50 /* Pods_recordDiet.framework */ = {isa = PBXFileReference; explicitFileType = wrapper.framework; includeInIndex = 0; path = Pods_recordDiet.framework; sourceTree = BUILT_PRODUCTS_DIR; };
		A73788522972EDCAEFC74443 /* Pods_recordDietTests.framework */ = {isa = PBXFileReference; explicitFileType = wrapper.framework; includeInIndex = 0; path = Pods_recordDietTests.framework; sourceTree = BUILT_PRODUCTS_DIR; };
		A96A70D12992C3658C07F138 /* Pods-recordDiet.release.xcconfig */ = {isa = PBXFileReference; includeInIndex = 1; lastKnownFileType = text.xcconfig; name = "Pods-recordDiet.release.xcconfig"; path = "Target Support Files/Pods-recordDiet/Pods-recordDiet.release.xcconfig"; sourceTree = "<group>"; };
		C983D865258809112152129B /* Pods_recordDiet_recordDietUITests.framework */ = {isa = PBXFileReference; explicitFileType = wrapper.framework; includeInIndex = 0; path = Pods_recordDiet_recordDietUITests.framework; sourceTree = BUILT_PRODUCTS_DIR; };
		CE64B7496BD1109AB31F4824 /* Pods-recordDiet.debug.xcconfig */ = {isa = PBXFileReference; includeInIndex = 1; lastKnownFileType = text.xcconfig; name = "Pods-recordDiet.debug.xcconfig"; path = "Target Support Files/Pods-recordDiet/Pods-recordDiet.debug.xcconfig"; sourceTree = "<group>"; };
		F96A4E7C572C5EDDD2019301 /* Pods-recordDietTests.release.xcconfig */ = {isa = PBXFileReference; includeInIndex = 1; lastKnownFileType = text.xcconfig; name = "Pods-recordDietTests.release.xcconfig"; path = "Target Support Files/Pods-recordDietTests/Pods-recordDietTests.release.xcconfig"; sourceTree = "<group>"; };
/* End PBXFileReference section */

/* Begin PBXFrameworksBuildPhase section */
		18A4A72C294E1CD000464CB7 /* Frameworks */ = {
			isa = PBXFrameworksBuildPhase;
			buildActionMask = 2147483647;
			files = (
				3B7E1DAD298EEE98000B1902 /* Pods_recordDiet.framework in Frameworks */,
			);
			runOnlyForDeploymentPostprocessing = 0;
		};
		18A4A742294E1D0D00464CB7 /* Frameworks */ = {
			isa = PBXFrameworksBuildPhase;
			buildActionMask = 2147483647;
			files = (
				88B4A33280F00EA40DC54F8C /* Pods_recordDietTests.framework in Frameworks */,
			);
			runOnlyForDeploymentPostprocessing = 0;
		};
		18A4A74C294E1D0D00464CB7 /* Frameworks */ = {
			isa = PBXFrameworksBuildPhase;
			buildActionMask = 2147483647;
			files = (
				7C20C23292A354A640E0ECF1 /* Pods_recordDiet_recordDietUITests.framework in Frameworks */,
			);
			runOnlyForDeploymentPostprocessing = 0;
		};
/* End PBXFrameworksBuildPhase section */

/* Begin PBXGroup section */
		18A4A726294E1CD000464CB7 = {
			isa = PBXGroup;
			children = (
				18A4A731294E1CD000464CB7 /* recordDiet */,
				18A4A748294E1D0D00464CB7 /* recordDietTests */,
				18A4A752294E1D0D00464CB7 /* recordDietUITests */,
				18A4A730294E1CD000464CB7 /* Products */,
				EE2FF8EFE0B19898E915C2D2 /* Pods */,
				806138EB84FA35E28E58AE86 /* Frameworks */,
			);
			sourceTree = "<group>";
		};
		18A4A730294E1CD000464CB7 /* Products */ = {
			isa = PBXGroup;
			children = (
				18A4A72F294E1CD000464CB7 /* recordDiet.app */,
				18A4A745294E1D0D00464CB7 /* recordDietTests.xctest */,
				18A4A74F294E1D0D00464CB7 /* recordDietUITests.xctest */,
			);
			name = Products;
			sourceTree = "<group>";
		};
		18A4A731294E1CD000464CB7 /* recordDiet */ = {
			isa = PBXGroup;
			children = (
				3B7E1DAA298E8D99000B1902 /* Common */,
				3B7E1DA3298AB261000B1902 /* View */,
				3BBFF681296083080042187B /* ViewModel */,
				3BBFF680295DF3E10042187B /* Model */,
				3BBFF677295B7DE30042187B /* Util */,
				18A4A7642956B3D100464CB7 /* ViewController */,
				18A4A732294E1CD000464CB7 /* AppDelegate.swift */,
				18A4A734294E1CD000464CB7 /* SceneDelegate.swift */,
				18A4A738294E1CD000464CB7 /* Main.storyboard */,
				18A4A73B294E1D0A00464CB7 /* Assets.xcassets */,
				18A4A73D294E1D0A00464CB7 /* LaunchScreen.storyboard */,
				18A4A740294E1D0A00464CB7 /* Info.plist */,
			);
			path = recordDiet;
			sourceTree = "<group>";
		};
		18A4A748294E1D0D00464CB7 /* recordDietTests */ = {
			isa = PBXGroup;
			children = (
				18A4A749294E1D0D00464CB7 /* recordDietTests.swift */,
			);
			path = recordDietTests;
			sourceTree = "<group>";
		};
		18A4A752294E1D0D00464CB7 /* recordDietUITests */ = {
			isa = PBXGroup;
			children = (
				18A4A753294E1D0D00464CB7 /* recordDietUITests.swift */,
				18A4A755294E1D0D00464CB7 /* recordDietUITestsLaunchTests.swift */,
			);
			path = recordDietUITests;
			sourceTree = "<group>";
		};
		18A4A7642956B3D100464CB7 /* ViewController */ = {
			isa = PBXGroup;
			children = (
				18A4A736294E1CD000464CB7 /* TopViewController.swift */,
				18A4A7652956B46F00464CB7 /* CalendarViewController.swift */,
				3BBFF67A295BFD4B0042187B /* WeightInputViewController.swift */,
				3B7E1DA8298AEE6F000B1902 /* WeightGraphViewController.swift */,
			);
			path = ViewController;
			sourceTree = "<group>";
		};
		3B7E1DA3298AB261000B1902 /* View */ = {
			isa = PBXGroup;
			children = (
				3B7E1DA4298AB276000B1902 /* GraphView.xib */,
				3B7E1DA6298ABAA5000B1902 /* GraphView.swift */,
			);
			path = View;
			sourceTree = "<group>";
		};
		3B7E1DAA298E8D99000B1902 /* Common */ = {
			isa = PBXGroup;
			children = (
				3BBFF67E295DF3D80042187B /* Weight.swift */,
			);
			path = Common;
			sourceTree = "<group>";
		};
		3BBFF677295B7DE30042187B /* Util */ = {
			isa = PBXGroup;
			children = (
				3BBFF678295B7DF70042187B /* Extensions.swift */,
				3BBFF6842963374E0042187B /* messageAlert.swift */,
				3BBFF6862975B0610042187B /* AppDate.swift */,
			);
			path = Util;
			sourceTree = "<group>";
		};
		3BBFF680295DF3E10042187B /* Model */ = {
			isa = PBXGroup;
			children = (
				3B7E1DAB298E8DB8000B1902 /* WeightModel.swift */,
			);
			path = Model;
			sourceTree = "<group>";
		};
		3BBFF681296083080042187B /* ViewModel */ = {
			isa = PBXGroup;
			children = (
				3BBFF6822960A3EC0042187B /* WeightViewModel.swift */,
			);
			path = ViewModel;
			sourceTree = "<group>";
		};
		806138EB84FA35E28E58AE86 /* Frameworks */ = {
			isa = PBXGroup;
			children = (
				98A62F7DAA8229406713BF50 /* Pods_recordDiet.framework */,
				C983D865258809112152129B /* Pods_recordDiet_recordDietUITests.framework */,
				A73788522972EDCAEFC74443 /* Pods_recordDietTests.framework */,
			);
			name = Frameworks;
			sourceTree = "<group>";
		};
		EE2FF8EFE0B19898E915C2D2 /* Pods */ = {
			isa = PBXGroup;
			children = (
				CE64B7496BD1109AB31F4824 /* Pods-recordDiet.debug.xcconfig */,
				A96A70D12992C3658C07F138 /* Pods-recordDiet.release.xcconfig */,
				2CB690B4265A5467DC025CF8 /* Pods-recordDiet-recordDietUITests.debug.xcconfig */,
				40884FE3CBDFD2A8FF18DBF1 /* Pods-recordDiet-recordDietUITests.release.xcconfig */,
				4400E67D0ACFE1F73A232571 /* Pods-recordDietTests.debug.xcconfig */,
				F96A4E7C572C5EDDD2019301 /* Pods-recordDietTests.release.xcconfig */,
			);
			path = Pods;
			sourceTree = "<group>";
		};
/* End PBXGroup section */

/* Begin PBXNativeTarget section */
		18A4A72E294E1CD000464CB7 /* recordDiet */ = {
			isa = PBXNativeTarget;
			buildConfigurationList = 18A4A759294E1D0D00464CB7 /* Build configuration list for PBXNativeTarget "recordDiet" */;
			buildPhases = (
				32A6ED94F07C2039B30D5081 /* [CP] Check Pods Manifest.lock */,
				18A4A72B294E1CD000464CB7 /* Sources */,
				18A4A72C294E1CD000464CB7 /* Frameworks */,
				18A4A72D294E1CD000464CB7 /* Resources */,
				41D7AAFF8465D1D7CFEEC549 /* [CP] Embed Pods Frameworks */,
				3B7E1DAF298EEE98000B1902 /* Embed Frameworks */,
			);
			buildRules = (
			);
			dependencies = (
			);
			name = recordDiet;
			productName = recordDiet;
			productReference = 18A4A72F294E1CD000464CB7 /* recordDiet.app */;
			productType = "com.apple.product-type.application";
		};
		18A4A744294E1D0D00464CB7 /* recordDietTests */ = {
			isa = PBXNativeTarget;
			buildConfigurationList = 18A4A75C294E1D0D00464CB7 /* Build configuration list for PBXNativeTarget "recordDietTests" */;
			buildPhases = (
				9CD75268179303C9E5542D35 /* [CP] Check Pods Manifest.lock */,
				18A4A741294E1D0D00464CB7 /* Sources */,
				18A4A742294E1D0D00464CB7 /* Frameworks */,
				18A4A743294E1D0D00464CB7 /* Resources */,
			);
			buildRules = (
			);
			dependencies = (
				18A4A747294E1D0D00464CB7 /* PBXTargetDependency */,
			);
			name = recordDietTests;
			productName = recordDietTests;
			productReference = 18A4A745294E1D0D00464CB7 /* recordDietTests.xctest */;
			productType = "com.apple.product-type.bundle.unit-test";
		};
		18A4A74E294E1D0D00464CB7 /* recordDietUITests */ = {
			isa = PBXNativeTarget;
			buildConfigurationList = 18A4A75F294E1D0D00464CB7 /* Build configuration list for PBXNativeTarget "recordDietUITests" */;
			buildPhases = (
				2CA43D1B6B846EF0E638BEC7 /* [CP] Check Pods Manifest.lock */,
				18A4A74B294E1D0D00464CB7 /* Sources */,
				18A4A74C294E1D0D00464CB7 /* Frameworks */,
				18A4A74D294E1D0D00464CB7 /* Resources */,
				79087485BDA6FB82BF96EB6E /* [CP] Embed Pods Frameworks */,
			);
			buildRules = (
			);
			dependencies = (
				18A4A751294E1D0D00464CB7 /* PBXTargetDependency */,
			);
			name = recordDietUITests;
			productName = recordDietUITests;
			productReference = 18A4A74F294E1D0D00464CB7 /* recordDietUITests.xctest */;
			productType = "com.apple.product-type.bundle.ui-testing";
		};
/* End PBXNativeTarget section */

/* Begin PBXProject section */
		18A4A727294E1CD000464CB7 /* Project object */ = {
			isa = PBXProject;
			attributes = {
				BuildIndependentTargetsInParallel = 1;
				LastSwiftUpdateCheck = 1400;
				LastUpgradeCheck = 1400;
				TargetAttributes = {
					18A4A72E294E1CD000464CB7 = {
						CreatedOnToolsVersion = 14.0.1;
					};
					18A4A744294E1D0D00464CB7 = {
						CreatedOnToolsVersion = 14.0.1;
						TestTargetID = 18A4A72E294E1CD000464CB7;
					};
					18A4A74E294E1D0D00464CB7 = {
						CreatedOnToolsVersion = 14.0.1;
						TestTargetID = 18A4A72E294E1CD000464CB7;
					};
				};
			};
			buildConfigurationList = 18A4A72A294E1CD000464CB7 /* Build configuration list for PBXProject "recordDiet" */;
			compatibilityVersion = "Xcode 14.0";
			developmentRegion = en;
			hasScannedForEncodings = 0;
			knownRegions = (
				en,
				Base,
			);
			mainGroup = 18A4A726294E1CD000464CB7;
			productRefGroup = 18A4A730294E1CD000464CB7 /* Products */;
			projectDirPath = "";
			projectRoot = "";
			targets = (
				18A4A72E294E1CD000464CB7 /* recordDiet */,
				18A4A744294E1D0D00464CB7 /* recordDietTests */,
				18A4A74E294E1D0D00464CB7 /* recordDietUITests */,
			);
		};
/* End PBXProject section */

/* Begin PBXResourcesBuildPhase section */
		18A4A72D294E1CD000464CB7 /* Resources */ = {
			isa = PBXResourcesBuildPhase;
			buildActionMask = 2147483647;
			files = (
				18A4A73F294E1D0A00464CB7 /* LaunchScreen.storyboard in Resources */,
				18A4A73C294E1D0A00464CB7 /* Assets.xcassets in Resources */,
				18A4A73A294E1CD000464CB7 /* Main.storyboard in Resources */,
				3B7E1DA5298AB276000B1902 /* GraphView.xib in Resources */,
			);
			runOnlyForDeploymentPostprocessing = 0;
		};
		18A4A743294E1D0D00464CB7 /* Resources */ = {
			isa = PBXResourcesBuildPhase;
			buildActionMask = 2147483647;
			files = (
			);
			runOnlyForDeploymentPostprocessing = 0;
		};
		18A4A74D294E1D0D00464CB7 /* Resources */ = {
			isa = PBXResourcesBuildPhase;
			buildActionMask = 2147483647;
			files = (
			);
			runOnlyForDeploymentPostprocessing = 0;
		};
/* End PBXResourcesBuildPhase section */

/* Begin PBXShellScriptBuildPhase section */
		2CA43D1B6B846EF0E638BEC7 /* [CP] Check Pods Manifest.lock */ = {
			isa = PBXShellScriptBuildPhase;
			buildActionMask = 2147483647;
			files = (
			);
			inputFileListPaths = (
			);
			inputPaths = (
				"${PODS_PODFILE_DIR_PATH}/Podfile.lock",
				"${PODS_ROOT}/Manifest.lock",
			);
			name = "[CP] Check Pods Manifest.lock";
			outputFileListPaths = (
			);
			outputPaths = (
				"$(DERIVED_FILE_DIR)/Pods-recordDiet-recordDietUITests-checkManifestLockResult.txt",
			);
			runOnlyForDeploymentPostprocessing = 0;
			shellPath = /bin/sh;
			shellScript = "diff \"${PODS_PODFILE_DIR_PATH}/Podfile.lock\" \"${PODS_ROOT}/Manifest.lock\" > /dev/null\nif [ $? != 0 ] ; then\n    # print error to STDERR\n    echo \"error: The sandbox is not in sync with the Podfile.lock. Run 'pod install' or update your CocoaPods installation.\" >&2\n    exit 1\nfi\n# This output is used by Xcode 'outputs' to avoid re-running this script phase.\necho \"SUCCESS\" > \"${SCRIPT_OUTPUT_FILE_0}\"\n";
			showEnvVarsInLog = 0;
		};
		32A6ED94F07C2039B30D5081 /* [CP] Check Pods Manifest.lock */ = {
			isa = PBXShellScriptBuildPhase;
			buildActionMask = 2147483647;
			files = (
			);
			inputFileListPaths = (
			);
			inputPaths = (
				"${PODS_PODFILE_DIR_PATH}/Podfile.lock",
				"${PODS_ROOT}/Manifest.lock",
			);
			name = "[CP] Check Pods Manifest.lock";
			outputFileListPaths = (
			);
			outputPaths = (
				"$(DERIVED_FILE_DIR)/Pods-recordDiet-checkManifestLockResult.txt",
			);
			runOnlyForDeploymentPostprocessing = 0;
			shellPath = /bin/sh;
			shellScript = "diff \"${PODS_PODFILE_DIR_PATH}/Podfile.lock\" \"${PODS_ROOT}/Manifest.lock\" > /dev/null\nif [ $? != 0 ] ; then\n    # print error to STDERR\n    echo \"error: The sandbox is not in sync with the Podfile.lock. Run 'pod install' or update your CocoaPods installation.\" >&2\n    exit 1\nfi\n# This output is used by Xcode 'outputs' to avoid re-running this script phase.\necho \"SUCCESS\" > \"${SCRIPT_OUTPUT_FILE_0}\"\n";
			showEnvVarsInLog = 0;
		};
		41D7AAFF8465D1D7CFEEC549 /* [CP] Embed Pods Frameworks */ = {
			isa = PBXShellScriptBuildPhase;
			buildActionMask = 2147483647;
			files = (
			);
			inputFileListPaths = (
				"${PODS_ROOT}/Target Support Files/Pods-recordDiet/Pods-recordDiet-frameworks-${CONFIGURATION}-input-files.xcfilelist",
			);
			name = "[CP] Embed Pods Frameworks";
			outputFileListPaths = (
				"${PODS_ROOT}/Target Support Files/Pods-recordDiet/Pods-recordDiet-frameworks-${CONFIGURATION}-output-files.xcfilelist",
			);
			runOnlyForDeploymentPostprocessing = 0;
			shellPath = /bin/sh;
			shellScript = "\"${PODS_ROOT}/Target Support Files/Pods-recordDiet/Pods-recordDiet-frameworks.sh\"\n";
			showEnvVarsInLog = 0;
		};
		79087485BDA6FB82BF96EB6E /* [CP] Embed Pods Frameworks */ = {
			isa = PBXShellScriptBuildPhase;
			buildActionMask = 2147483647;
			files = (
			);
			inputFileListPaths = (
				"${PODS_ROOT}/Target Support Files/Pods-recordDiet-recordDietUITests/Pods-recordDiet-recordDietUITests-frameworks-${CONFIGURATION}-input-files.xcfilelist",
			);
			name = "[CP] Embed Pods Frameworks";
			outputFileListPaths = (
				"${PODS_ROOT}/Target Support Files/Pods-recordDiet-recordDietUITests/Pods-recordDiet-recordDietUITests-frameworks-${CONFIGURATION}-output-files.xcfilelist",
			);
			runOnlyForDeploymentPostprocessing = 0;
			shellPath = /bin/sh;
			shellScript = "\"${PODS_ROOT}/Target Support Files/Pods-recordDiet-recordDietUITests/Pods-recordDiet-recordDietUITests-frameworks.sh\"\n";
			showEnvVarsInLog = 0;
		};
		9CD75268179303C9E5542D35 /* [CP] Check Pods Manifest.lock */ = {
			isa = PBXShellScriptBuildPhase;
			buildActionMask = 2147483647;
			files = (
			);
			inputFileListPaths = (
			);
			inputPaths = (
				"${PODS_PODFILE_DIR_PATH}/Podfile.lock",
				"${PODS_ROOT}/Manifest.lock",
			);
			name = "[CP] Check Pods Manifest.lock";
			outputFileListPaths = (
			);
			outputPaths = (
				"$(DERIVED_FILE_DIR)/Pods-recordDietTests-checkManifestLockResult.txt",
			);
			runOnlyForDeploymentPostprocessing = 0;
			shellPath = /bin/sh;
			shellScript = "diff \"${PODS_PODFILE_DIR_PATH}/Podfile.lock\" \"${PODS_ROOT}/Manifest.lock\" > /dev/null\nif [ $? != 0 ] ; then\n    # print error to STDERR\n    echo \"error: The sandbox is not in sync with the Podfile.lock. Run 'pod install' or update your CocoaPods installation.\" >&2\n    exit 1\nfi\n# This output is used by Xcode 'outputs' to avoid re-running this script phase.\necho \"SUCCESS\" > \"${SCRIPT_OUTPUT_FILE_0}\"\n";
			showEnvVarsInLog = 0;
		};
/* End PBXShellScriptBuildPhase section */

/* Begin PBXSourcesBuildPhase section */
		18A4A72B294E1CD000464CB7 /* Sources */ = {
			isa = PBXSourcesBuildPhase;
			buildActionMask = 2147483647;
			files = (
				3BBFF6872975B0610042187B /* AppDate.swift in Sources */,
				18A4A7662956B46F00464CB7 /* CalendarViewController.swift in Sources */,
				3BBFF6882976EF0B0042187B /* TopViewController.swift in Sources */,
				3B7E1DA7298ABAA5000B1902 /* GraphView.swift in Sources */,
				3BBFF67B295BFD4B0042187B /* WeightInputViewController.swift in Sources */,
				3BBFF6832960A3EC0042187B /* WeightViewModel.swift in Sources */,
				3BBFF679295B7DF70042187B /* Extensions.swift in Sources */,
				3B7E1DA9298AEE6F000B1902 /* WeightGraphViewController.swift in Sources */,
				3BBFF67F295DF3D80042187B /* Weight.swift in Sources */,
				3BBFF6852963374E0042187B /* messageAlert.swift in Sources */,
				18A4A733294E1CD000464CB7 /* AppDelegate.swift in Sources */,
				3B7E1DAC298E8DB9000B1902 /* WeightModel.swift in Sources */,
				18A4A735294E1CD000464CB7 /* SceneDelegate.swift in Sources */,
			);
			runOnlyForDeploymentPostprocessing = 0;
		};
		18A4A741294E1D0D00464CB7 /* Sources */ = {
			isa = PBXSourcesBuildPhase;
			buildActionMask = 2147483647;
			files = (
				18A4A74A294E1D0D00464CB7 /* recordDietTests.swift in Sources */,
			);
			runOnlyForDeploymentPostprocessing = 0;
		};
		18A4A74B294E1D0D00464CB7 /* Sources */ = {
			isa = PBXSourcesBuildPhase;
			buildActionMask = 2147483647;
			files = (
				18A4A754294E1D0D00464CB7 /* recordDietUITests.swift in Sources */,
				18A4A756294E1D0D00464CB7 /* recordDietUITestsLaunchTests.swift in Sources */,
			);
			runOnlyForDeploymentPostprocessing = 0;
		};
/* End PBXSourcesBuildPhase section */

/* Begin PBXTargetDependency section */
		18A4A747294E1D0D00464CB7 /* PBXTargetDependency */ = {
			isa = PBXTargetDependency;
			target = 18A4A72E294E1CD000464CB7 /* recordDiet */;
			targetProxy = 18A4A746294E1D0D00464CB7 /* PBXContainerItemProxy */;
		};
		18A4A751294E1D0D00464CB7 /* PBXTargetDependency */ = {
			isa = PBXTargetDependency;
			target = 18A4A72E294E1CD000464CB7 /* recordDiet */;
			targetProxy = 18A4A750294E1D0D00464CB7 /* PBXContainerItemProxy */;
		};
/* End PBXTargetDependency section */

/* Begin PBXVariantGroup section */
		18A4A738294E1CD000464CB7 /* Main.storyboard */ = {
			isa = PBXVariantGroup;
			children = (
				18A4A739294E1CD000464CB7 /* Base */,
			);
			name = Main.storyboard;
			sourceTree = "<group>";
		};
		18A4A73D294E1D0A00464CB7 /* LaunchScreen.storyboard */ = {
			isa = PBXVariantGroup;
			children = (
				18A4A73E294E1D0A00464CB7 /* Base */,
			);
			name = LaunchScreen.storyboard;
			sourceTree = "<group>";
		};
/* End PBXVariantGroup section */

/* Begin XCBuildConfiguration section */
		18A4A757294E1D0D00464CB7 /* Debug */ = {
			isa = XCBuildConfiguration;
			buildSettings = {
				ALWAYS_SEARCH_USER_PATHS = NO;
				CLANG_ANALYZER_NONNULL = YES;
				CLANG_ANALYZER_NUMBER_OBJECT_CONVERSION = YES_AGGRESSIVE;
				CLANG_CXX_LANGUAGE_STANDARD = "gnu++20";
				CLANG_ENABLE_MODULES = YES;
				CLANG_ENABLE_OBJC_ARC = YES;
				CLANG_ENABLE_OBJC_WEAK = YES;
				CLANG_WARN_BLOCK_CAPTURE_AUTORELEASING = YES;
				CLANG_WARN_BOOL_CONVERSION = YES;
				CLANG_WARN_COMMA = YES;
				CLANG_WARN_CONSTANT_CONVERSION = YES;
				CLANG_WARN_DEPRECATED_OBJC_IMPLEMENTATIONS = YES;
				CLANG_WARN_DIRECT_OBJC_ISA_USAGE = YES_ERROR;
				CLANG_WARN_DOCUMENTATION_COMMENTS = YES;
				CLANG_WARN_EMPTY_BODY = YES;
				CLANG_WARN_ENUM_CONVERSION = YES;
				CLANG_WARN_INFINITE_RECURSION = YES;
				CLANG_WARN_INT_CONVERSION = YES;
				CLANG_WARN_NON_LITERAL_NULL_CONVERSION = YES;
				CLANG_WARN_OBJC_IMPLICIT_RETAIN_SELF = YES;
				CLANG_WARN_OBJC_LITERAL_CONVERSION = YES;
				CLANG_WARN_OBJC_ROOT_CLASS = YES_ERROR;
				CLANG_WARN_QUOTED_INCLUDE_IN_FRAMEWORK_HEADER = YES;
				CLANG_WARN_RANGE_LOOP_ANALYSIS = YES;
				CLANG_WARN_STRICT_PROTOTYPES = YES;
				CLANG_WARN_SUSPICIOUS_MOVE = YES;
				CLANG_WARN_UNGUARDED_AVAILABILITY = YES_AGGRESSIVE;
				CLANG_WARN_UNREACHABLE_CODE = YES;
				CLANG_WARN__DUPLICATE_METHOD_MATCH = YES;
				COPY_PHASE_STRIP = NO;
				DEBUG_INFORMATION_FORMAT = dwarf;
				ENABLE_STRICT_OBJC_MSGSEND = YES;
				ENABLE_TESTABILITY = YES;
				GCC_C_LANGUAGE_STANDARD = gnu11;
				GCC_DYNAMIC_NO_PIC = NO;
				GCC_NO_COMMON_BLOCKS = YES;
				GCC_OPTIMIZATION_LEVEL = 0;
				GCC_PREPROCESSOR_DEFINITIONS = (
					"DEBUG=1",
					"$(inherited)",
				);
				GCC_WARN_64_TO_32_BIT_CONVERSION = YES;
				GCC_WARN_ABOUT_RETURN_TYPE = YES_ERROR;
				GCC_WARN_UNDECLARED_SELECTOR = YES;
				GCC_WARN_UNINITIALIZED_AUTOS = YES_AGGRESSIVE;
				GCC_WARN_UNUSED_FUNCTION = YES;
				GCC_WARN_UNUSED_VARIABLE = YES;
				IPHONEOS_DEPLOYMENT_TARGET = 16.0;
				MTL_ENABLE_DEBUG_INFO = INCLUDE_SOURCE;
				MTL_FAST_MATH = YES;
				ONLY_ACTIVE_ARCH = YES;
				SDKROOT = iphoneos;
				SWIFT_ACTIVE_COMPILATION_CONDITIONS = DEBUG;
				SWIFT_OPTIMIZATION_LEVEL = "-Onone";
			};
			name = Debug;
		};
		18A4A758294E1D0D00464CB7 /* Release */ = {
			isa = XCBuildConfiguration;
			buildSettings = {
				ALWAYS_SEARCH_USER_PATHS = NO;
				CLANG_ANALYZER_NONNULL = YES;
				CLANG_ANALYZER_NUMBER_OBJECT_CONVERSION = YES_AGGRESSIVE;
				CLANG_CXX_LANGUAGE_STANDARD = "gnu++20";
				CLANG_ENABLE_MODULES = YES;
				CLANG_ENABLE_OBJC_ARC = YES;
				CLANG_ENABLE_OBJC_WEAK = YES;
				CLANG_WARN_BLOCK_CAPTURE_AUTORELEASING = YES;
				CLANG_WARN_BOOL_CONVERSION = YES;
				CLANG_WARN_COMMA = YES;
				CLANG_WARN_CONSTANT_CONVERSION = YES;
				CLANG_WARN_DEPRECATED_OBJC_IMPLEMENTATIONS = YES;
				CLANG_WARN_DIRECT_OBJC_ISA_USAGE = YES_ERROR;
				CLANG_WARN_DOCUMENTATION_COMMENTS = YES;
				CLANG_WARN_EMPTY_BODY = YES;
				CLANG_WARN_ENUM_CONVERSION = YES;
				CLANG_WARN_INFINITE_RECURSION = YES;
				CLANG_WARN_INT_CONVERSION = YES;
				CLANG_WARN_NON_LITERAL_NULL_CONVERSION = YES;
				CLANG_WARN_OBJC_IMPLICIT_RETAIN_SELF = YES;
				CLANG_WARN_OBJC_LITERAL_CONVERSION = YES;
				CLANG_WARN_OBJC_ROOT_CLASS = YES_ERROR;
				CLANG_WARN_QUOTED_INCLUDE_IN_FRAMEWORK_HEADER = YES;
				CLANG_WARN_RANGE_LOOP_ANALYSIS = YES;
				CLANG_WARN_STRICT_PROTOTYPES = YES;
				CLANG_WARN_SUSPICIOUS_MOVE = YES;
				CLANG_WARN_UNGUARDED_AVAILABILITY = YES_AGGRESSIVE;
				CLANG_WARN_UNREACHABLE_CODE = YES;
				CLANG_WARN__DUPLICATE_METHOD_MATCH = YES;
				COPY_PHASE_STRIP = NO;
				DEBUG_INFORMATION_FORMAT = "dwarf-with-dsym";
				ENABLE_NS_ASSERTIONS = NO;
				ENABLE_STRICT_OBJC_MSGSEND = YES;
				GCC_C_LANGUAGE_STANDARD = gnu11;
				GCC_NO_COMMON_BLOCKS = YES;
				GCC_WARN_64_TO_32_BIT_CONVERSION = YES;
				GCC_WARN_ABOUT_RETURN_TYPE = YES_ERROR;
				GCC_WARN_UNDECLARED_SELECTOR = YES;
				GCC_WARN_UNINITIALIZED_AUTOS = YES_AGGRESSIVE;
				GCC_WARN_UNUSED_FUNCTION = YES;
				GCC_WARN_UNUSED_VARIABLE = YES;
				IPHONEOS_DEPLOYMENT_TARGET = 16.0;
				MTL_ENABLE_DEBUG_INFO = NO;
				MTL_FAST_MATH = YES;
				SDKROOT = iphoneos;
				SWIFT_COMPILATION_MODE = wholemodule;
				SWIFT_OPTIMIZATION_LEVEL = "-O";
				VALIDATE_PRODUCT = YES;
			};
			name = Release;
		};
		18A4A75A294E1D0D00464CB7 /* Debug */ = {
			isa = XCBuildConfiguration;
			baseConfigurationReference = CE64B7496BD1109AB31F4824 /* Pods-recordDiet.debug.xcconfig */;
			buildSettings = {
				ASSETCATALOG_COMPILER_APPICON_NAME = AppIcon;
				ASSETCATALOG_COMPILER_GLOBAL_ACCENT_COLOR_NAME = AccentColor;
				CODE_SIGN_STYLE = Automatic;
				CURRENT_PROJECT_VERSION = 1;
				DEVELOPMENT_TEAM = 596D95CQ24;
				GENERATE_INFOPLIST_FILE = YES;
				INFOPLIST_FILE = recordDiet/Info.plist;
				INFOPLIST_KEY_UIApplicationSupportsIndirectInputEvents = YES;
				INFOPLIST_KEY_UILaunchStoryboardName = LaunchScreen;
				INFOPLIST_KEY_UIMainStoryboardFile = Main;
				INFOPLIST_KEY_UISupportedInterfaceOrientations_iPad = "UIInterfaceOrientationPortrait UIInterfaceOrientationPortraitUpsideDown UIInterfaceOrientationLandscapeLeft UIInterfaceOrientationLandscapeRight";
				INFOPLIST_KEY_UISupportedInterfaceOrientations_iPhone = "UIInterfaceOrientationPortrait UIInterfaceOrientationLandscapeLeft UIInterfaceOrientationLandscapeRight";
				LD_RUNPATH_SEARCH_PATHS = (
					"$(inherited)",
					"@executable_path/Frameworks",
				);
				MARKETING_VERSION = 1.0;
				PRODUCT_BUNDLE_IDENTIFIER = com.kazukiomori.recordDiet;
				PRODUCT_NAME = "$(TARGET_NAME)";
				SWIFT_EMIT_LOC_STRINGS = YES;
				SWIFT_VERSION = 5.0;
				TARGETED_DEVICE_FAMILY = "1,2";
			};
			name = Debug;
		};
		18A4A75B294E1D0D00464CB7 /* Release */ = {
			isa = XCBuildConfiguration;
			baseConfigurationReference = A96A70D12992C3658C07F138 /* Pods-recordDiet.release.xcconfig */;
			buildSettings = {
				ASSETCATALOG_COMPILER_APPICON_NAME = AppIcon;
				ASSETCATALOG_COMPILER_GLOBAL_ACCENT_COLOR_NAME = AccentColor;
				CODE_SIGN_STYLE = Automatic;
				CURRENT_PROJECT_VERSION = 1;
				DEVELOPMENT_TEAM = 596D95CQ24;
				GENERATE_INFOPLIST_FILE = YES;
				INFOPLIST_FILE = recordDiet/Info.plist;
				INFOPLIST_KEY_UIApplicationSupportsIndirectInputEvents = YES;
				INFOPLIST_KEY_UILaunchStoryboardName = LaunchScreen;
				INFOPLIST_KEY_UIMainStoryboardFile = Main;
				INFOPLIST_KEY_UISupportedInterfaceOrientations_iPad = "UIInterfaceOrientationPortrait UIInterfaceOrientationPortraitUpsideDown UIInterfaceOrientationLandscapeLeft UIInterfaceOrientationLandscapeRight";
				INFOPLIST_KEY_UISupportedInterfaceOrientations_iPhone = "UIInterfaceOrientationPortrait UIInterfaceOrientationLandscapeLeft UIInterfaceOrientationLandscapeRight";
				LD_RUNPATH_SEARCH_PATHS = (
					"$(inherited)",
					"@executable_path/Frameworks",
				);
				MARKETING_VERSION = 1.0;
				PRODUCT_BUNDLE_IDENTIFIER = com.kazukiomori.recordDiet;
				PRODUCT_NAME = "$(TARGET_NAME)";
				SWIFT_EMIT_LOC_STRINGS = YES;
				SWIFT_VERSION = 5.0;
				TARGETED_DEVICE_FAMILY = "1,2";
			};
			name = Release;
		};
		18A4A75D294E1D0D00464CB7 /* Debug */ = {
			isa = XCBuildConfiguration;
			baseConfigurationReference = 4400E67D0ACFE1F73A232571 /* Pods-recordDietTests.debug.xcconfig */;
			buildSettings = {
				ALWAYS_EMBED_SWIFT_STANDARD_LIBRARIES = YES;
				BUNDLE_LOADER = "$(TEST_HOST)";
				CODE_SIGN_STYLE = Automatic;
				CURRENT_PROJECT_VERSION = 1;
				DEVELOPMENT_TEAM = 596D95CQ24;
				GENERATE_INFOPLIST_FILE = YES;
				IPHONEOS_DEPLOYMENT_TARGET = 16.0;
				MARKETING_VERSION = 1.0;
				PRODUCT_BUNDLE_IDENTIFIER = com.kazukiomori.recordDietTests;
				PRODUCT_NAME = "$(TARGET_NAME)";
				SWIFT_EMIT_LOC_STRINGS = NO;
				SWIFT_VERSION = 5.0;
				TARGETED_DEVICE_FAMILY = "1,2";
				TEST_HOST = "$(BUILT_PRODUCTS_DIR)/recordDiet.app/$(BUNDLE_EXECUTABLE_FOLDER_PATH)/recordDiet";
			};
			name = Debug;
		};
		18A4A75E294E1D0D00464CB7 /* Release */ = {
			isa = XCBuildConfiguration;
			baseConfigurationReference = F96A4E7C572C5EDDD2019301 /* Pods-recordDietTests.release.xcconfig */;
			buildSettings = {
				ALWAYS_EMBED_SWIFT_STANDARD_LIBRARIES = YES;
				BUNDLE_LOADER = "$(TEST_HOST)";
				CODE_SIGN_STYLE = Automatic;
				CURRENT_PROJECT_VERSION = 1;
				DEVELOPMENT_TEAM = 596D95CQ24;
				GENERATE_INFOPLIST_FILE = YES;
				IPHONEOS_DEPLOYMENT_TARGET = 16.0;
				MARKETING_VERSION = 1.0;
				PRODUCT_BUNDLE_IDENTIFIER = com.kazukiomori.recordDietTests;
				PRODUCT_NAME = "$(TARGET_NAME)";
				SWIFT_EMIT_LOC_STRINGS = NO;
				SWIFT_VERSION = 5.0;
				TARGETED_DEVICE_FAMILY = "1,2";
				TEST_HOST = "$(BUILT_PRODUCTS_DIR)/recordDiet.app/$(BUNDLE_EXECUTABLE_FOLDER_PATH)/recordDiet";
			};
			name = Release;
		};
		18A4A760294E1D0D00464CB7 /* Debug */ = {
			isa = XCBuildConfiguration;
			baseConfigurationReference = 2CB690B4265A5467DC025CF8 /* Pods-recordDiet-recordDietUITests.debug.xcconfig */;
			buildSettings = {
				ALWAYS_EMBED_SWIFT_STANDARD_LIBRARIES = YES;
				CODE_SIGN_STYLE = Automatic;
				CURRENT_PROJECT_VERSION = 1;
				DEVELOPMENT_TEAM = 596D95CQ24;
				GENERATE_INFOPLIST_FILE = YES;
				MARKETING_VERSION = 1.0;
				PRODUCT_BUNDLE_IDENTIFIER = com.kazukiomori.recordDietUITests;
				PRODUCT_NAME = "$(TARGET_NAME)";
				SWIFT_EMIT_LOC_STRINGS = NO;
				SWIFT_VERSION = 5.0;
				TARGETED_DEVICE_FAMILY = "1,2";
				TEST_TARGET_NAME = recordDiet;
			};
			name = Debug;
		};
		18A4A761294E1D0D00464CB7 /* Release */ = {
			isa = XCBuildConfiguration;
			baseConfigurationReference = 40884FE3CBDFD2A8FF18DBF1 /* Pods-recordDiet-recordDietUITests.release.xcconfig */;
			buildSettings = {
				ALWAYS_EMBED_SWIFT_STANDARD_LIBRARIES = YES;
				CODE_SIGN_STYLE = Automatic;
				CURRENT_PROJECT_VERSION = 1;
				DEVELOPMENT_TEAM = 596D95CQ24;
				GENERATE_INFOPLIST_FILE = YES;
				MARKETING_VERSION = 1.0;
				PRODUCT_BUNDLE_IDENTIFIER = com.kazukiomori.recordDietUITests;
				PRODUCT_NAME = "$(TARGET_NAME)";
				SWIFT_EMIT_LOC_STRINGS = NO;
				SWIFT_VERSION = 5.0;
				TARGETED_DEVICE_FAMILY = "1,2";
				TEST_TARGET_NAME = recordDiet;
			};
			name = Release;
		};
/* End XCBuildConfiguration section */

/* Begin XCConfigurationList section */
		18A4A72A294E1CD000464CB7 /* Build configuration list for PBXProject "recordDiet" */ = {
			isa = XCConfigurationList;
			buildConfigurations = (
				18A4A757294E1D0D00464CB7 /* Debug */,
				18A4A758294E1D0D00464CB7 /* Release */,
			);
			defaultConfigurationIsVisible = 0;
			defaultConfigurationName = Release;
		};
		18A4A759294E1D0D00464CB7 /* Build configuration list for PBXNativeTarget "recordDiet" */ = {
			isa = XCConfigurationList;
			buildConfigurations = (
				18A4A75A294E1D0D00464CB7 /* Debug */,
				18A4A75B294E1D0D00464CB7 /* Release */,
			);
			defaultConfigurationIsVisible = 0;
			defaultConfigurationName = Release;
		};
		18A4A75C294E1D0D00464CB7 /* Build configuration list for PBXNativeTarget "recordDietTests" */ = {
			isa = XCConfigurationList;
			buildConfigurations = (
				18A4A75D294E1D0D00464CB7 /* Debug */,
				18A4A75E294E1D0D00464CB7 /* Release */,
			);
			defaultConfigurationIsVisible = 0;
			defaultConfigurationName = Release;
		};
		18A4A75F294E1D0D00464CB7 /* Build configuration list for PBXNativeTarget "recordDietUITests" */ = {
			isa = XCConfigurationList;
			buildConfigurations = (
				18A4A760294E1D0D00464CB7 /* Debug */,
				18A4A761294E1D0D00464CB7 /* Release */,
			);
			defaultConfigurationIsVisible = 0;
			defaultConfigurationName = Release;
		};
/* End XCConfigurationList section */
	};
	rootObject = 18A4A727294E1CD000464CB7 /* Project object */;
}
